
Microsoft Visual Studio Solution File, Format Version 12.00
# Visual Studio Version 16
VisualStudioVersion = 16.0.31729.503
MinimumVisualStudioVersion = 10.0.40219.1
Project("{FAE04EC0-301F-11D3-BF4B-00C04F79EFBC}") = "ForLoopin", "ForLoopin\ForLoopin.csproj", "{9CB44765-40DE-49BF-8EC1-39DD69A6E569}"
EndProject
Global
	GlobalSection(SolutionConfigurationPlatforms) = preSolution
		Debug|Any CPU = Debug|Any CPU
		Release|Any CPU = Release|Any CPU
	EndGlobalSection
	GlobalSection(ProjectConfigurationPlatforms) = postSolution
		{9CB44765-40DE-49BF-8EC1-39DD69A6E569}.Debug|Any CPU.ActiveCfg = Debug|Any CPU
		{9CB44765-40DE-49BF-8EC1-39DD69A6E569}.Debug|Any CPU.Build.0 = Debug|Any CPU
		{9CB44765-40DE-49BF-8EC1-39DD69A6E569}.Release|Any CPU.ActiveCfg = Release|Any CPU
		{9CB44765-40DE-49BF-8EC1-39DD69A6E569}.Release|Any CPU.Build.0 = Release|Any CPU
	EndGlobalSection
	GlobalSection(SolutionProperties) = preSolution
		HideSolutionNode = FALSE
	EndGlobalSection
	GlobalSection(ExtensibilityGlobals) = postSolution
		SolutionGuid = {7D57F118-E8DE-4002-8893-4FF8A1F06CDD}
	EndGlobalSection
EndGlobal
