
Microsoft Visual Studio Solution File, Format Version 12.00
# Visual Studio Version 16
VisualStudioVersion = 16.0.31729.503
MinimumVisualStudioVersion = 10.0.40219.1
Project("{FAE04EC0-301F-11D3-BF4B-00C04F79EFBC}") = "RefactorOppgFre", "RefactorOppgFre\RefactorOppgFre.csproj", "{5514D7B0-5490-477C-9908-A6B575DBA44B}"
EndProject
Global
	GlobalSection(SolutionConfigurationPlatforms) = preSolution
		Debug|Any CPU = Debug|Any CPU
		Release|Any CPU = Release|Any CPU
	EndGlobalSection
	GlobalSection(ProjectConfigurationPlatforms) = postSolution
		{5514D7B0-5490-477C-9908-A6B575DBA44B}.Debug|Any CPU.ActiveCfg = Debug|Any CPU
		{5514D7B0-5490-477C-9908-A6B575DBA44B}.Debug|Any CPU.Build.0 = Debug|Any CPU
		{5514D7B0-5490-477C-9908-A6B575DBA44B}.Release|Any CPU.ActiveCfg = Release|Any CPU
		{5514D7B0-5490-477C-9908-A6B575DBA44B}.Release|Any CPU.Build.0 = Release|Any CPU
	EndGlobalSection
	GlobalSection(SolutionProperties) = preSolution
		HideSolutionNode = FALSE
	EndGlobalSection
	GlobalSection(ExtensibilityGlobals) = postSolution
		SolutionGuid = {4B39F8BA-899B-41DA-8D24-70DB0AB8D3DA}
	EndGlobalSection
EndGlobal
