
Microsoft Visual Studio Solution File, Format Version 12.00
# Visual Studio Version 16
VisualStudioVersion = 16.0.31729.503
MinimumVisualStudioVersion = 10.0.40219.1
Project("{9A19103F-16F7-4668-BE54-9A1E7A4F7556}") = "M3Oblig1", "M3Oblig1\M3Oblig1.csproj", "{0360DD9A-FDCD-4F26-9262-BA2DB97ED3EE}"
EndProject
Project("{FAE04EC0-301F-11D3-BF4B-00C04F79EFBC}") = "TestProject1", "TestProject1\TestProject1.csproj", "{8C2EF1BF-8B7F-47AE-A81D-F5F2753EFA11}"
EndProject
Global
	GlobalSection(SolutionConfigurationPlatforms) = preSolution
		Debug|Any CPU = Debug|Any CPU
		Release|Any CPU = Release|Any CPU
	EndGlobalSection
	GlobalSection(ProjectConfigurationPlatforms) = postSolution
		{0360DD9A-FDCD-4F26-9262-BA2DB97ED3EE}.Debug|Any CPU.ActiveCfg = Debug|Any CPU
		{0360DD9A-FDCD-4F26-9262-BA2DB97ED3EE}.Debug|Any CPU.Build.0 = Debug|Any CPU
		{0360DD9A-FDCD-4F26-9262-BA2DB97ED3EE}.Release|Any CPU.ActiveCfg = Release|Any CPU
		{0360DD9A-FDCD-4F26-9262-BA2DB97ED3EE}.Release|Any CPU.Build.0 = Release|Any CPU
		{8C2EF1BF-8B7F-47AE-A81D-F5F2753EFA11}.Debug|Any CPU.ActiveCfg = Debug|Any CPU
		{8C2EF1BF-8B7F-47AE-A81D-F5F2753EFA11}.Debug|Any CPU.Build.0 = Debug|Any CPU
		{8C2EF1BF-8B7F-47AE-A81D-F5F2753EFA11}.Release|Any CPU.ActiveCfg = Release|Any CPU
		{8C2EF1BF-8B7F-47AE-A81D-F5F2753EFA11}.Release|Any CPU.Build.0 = Release|Any CPU
	EndGlobalSection
	GlobalSection(SolutionProperties) = preSolution
		HideSolutionNode = FALSE
	EndGlobalSection
	GlobalSection(ExtensibilityGlobals) = postSolution
		SolutionGuid = {174EE04B-5DD7-477C-92B5-ABEE3D9AA29C}
	EndGlobalSection
EndGlobal
