
Microsoft Visual Studio Solution File, Format Version 12.00
# Visual Studio Version 16
VisualStudioVersion = 16.0.31729.503
MinimumVisualStudioVersion = 10.0.40219.1
Project("{FAE04EC0-301F-11D3-BF4B-00C04F79EFBC}") = "CoffieDispenser", "CoffieDispenser\CoffieDispenser.csproj", "{64555816-0F0F-46BF-B921-5ED906A910EE}"
EndProject
Global
	GlobalSection(SolutionConfigurationPlatforms) = preSolution
		Debug|Any CPU = Debug|Any CPU
		Release|Any CPU = Release|Any CPU
	EndGlobalSection
	GlobalSection(ProjectConfigurationPlatforms) = postSolution
		{64555816-0F0F-46BF-B921-5ED906A910EE}.Debug|Any CPU.ActiveCfg = Debug|Any CPU
		{64555816-0F0F-46BF-B921-5ED906A910EE}.Debug|Any CPU.Build.0 = Debug|Any CPU
		{64555816-0F0F-46BF-B921-5ED906A910EE}.Release|Any CPU.ActiveCfg = Release|Any CPU
		{64555816-0F0F-46BF-B921-5ED906A910EE}.Release|Any CPU.Build.0 = Release|Any CPU
	EndGlobalSection
	GlobalSection(SolutionProperties) = preSolution
		HideSolutionNode = FALSE
	EndGlobalSection
	GlobalSection(ExtensibilityGlobals) = postSolution
		SolutionGuid = {A879DF2B-ED8D-4870-89C6-7A5F591CD1F0}
	EndGlobalSection
EndGlobal
