
Microsoft Visual Studio Solution File, Format Version 12.00
# Visual Studio Version 16
VisualStudioVersion = 16.0.31729.503
MinimumVisualStudioVersion = 10.0.40219.1
Project("{FAE04EC0-301F-11D3-BF4B-00C04F79EFBC}") = "SQLiteTool", "SQLiteTool\SQLiteTool.csproj", "{F407EAB4-CDD7-439D-B72F-04BF8CB90F17}"
EndProject
Global
	GlobalSection(SolutionConfigurationPlatforms) = preSolution
		Debug|Any CPU = Debug|Any CPU
		Release|Any CPU = Release|Any CPU
	EndGlobalSection
	GlobalSection(ProjectConfigurationPlatforms) = postSolution
		{F407EAB4-CDD7-439D-B72F-04BF8CB90F17}.Debug|Any CPU.ActiveCfg = Debug|Any CPU
		{F407EAB4-CDD7-439D-B72F-04BF8CB90F17}.Debug|Any CPU.Build.0 = Debug|Any CPU
		{F407EAB4-CDD7-439D-B72F-04BF8CB90F17}.Release|Any CPU.ActiveCfg = Release|Any CPU
		{F407EAB4-CDD7-439D-B72F-04BF8CB90F17}.Release|Any CPU.Build.0 = Release|Any CPU
	EndGlobalSection
	GlobalSection(SolutionProperties) = preSolution
		HideSolutionNode = FALSE
	EndGlobalSection
	GlobalSection(ExtensibilityGlobals) = postSolution
		SolutionGuid = {DBAB4CC7-0C21-43C8-9244-900B74606B2E}
	EndGlobalSection
EndGlobal
