
Microsoft Visual Studio Solution File, Format Version 12.00
# Visual Studio Version 16
VisualStudioVersion = 16.0.31729.503
MinimumVisualStudioVersion = 10.0.40219.1
Project("{FAE04EC0-301F-11D3-BF4B-00C04F79EFBC}") = "OOPOppgTir", "OOPOppgTir\OOPOppgTir.csproj", "{64CEA531-986B-4F14-AC31-BBA736E29680}"
EndProject
Global
	GlobalSection(SolutionConfigurationPlatforms) = preSolution
		Debug|Any CPU = Debug|Any CPU
		Release|Any CPU = Release|Any CPU
	EndGlobalSection
	GlobalSection(ProjectConfigurationPlatforms) = postSolution
		{64CEA531-986B-4F14-AC31-BBA736E29680}.Debug|Any CPU.ActiveCfg = Debug|Any CPU
		{64CEA531-986B-4F14-AC31-BBA736E29680}.Debug|Any CPU.Build.0 = Debug|Any CPU
		{64CEA531-986B-4F14-AC31-BBA736E29680}.Release|Any CPU.ActiveCfg = Release|Any CPU
		{64CEA531-986B-4F14-AC31-BBA736E29680}.Release|Any CPU.Build.0 = Release|Any CPU
	EndGlobalSection
	GlobalSection(SolutionProperties) = preSolution
		HideSolutionNode = FALSE
	EndGlobalSection
	GlobalSection(ExtensibilityGlobals) = postSolution
		SolutionGuid = {0494FA4D-787B-419F-A761-AB5E10FDBB5E}
	EndGlobalSection
EndGlobal
