
Microsoft Visual Studio Solution File, Format Version 12.00
# Visual Studio Version 16
VisualStudioVersion = 16.0.31729.503
MinimumVisualStudioVersion = 10.0.40219.1
Project("{FAE04EC0-301F-11D3-BF4B-00C04F79EFBC}") = "OppgTTir", "OppgTTir\OppgTTir.csproj", "{EE7A2820-0677-4656-B3ED-2F5780CCF1A4}"
EndProject
Global
	GlobalSection(SolutionConfigurationPlatforms) = preSolution
		Debug|Any CPU = Debug|Any CPU
		Release|Any CPU = Release|Any CPU
	EndGlobalSection
	GlobalSection(ProjectConfigurationPlatforms) = postSolution
		{EE7A2820-0677-4656-B3ED-2F5780CCF1A4}.Debug|Any CPU.ActiveCfg = Debug|Any CPU
		{EE7A2820-0677-4656-B3ED-2F5780CCF1A4}.Debug|Any CPU.Build.0 = Debug|Any CPU
		{EE7A2820-0677-4656-B3ED-2F5780CCF1A4}.Release|Any CPU.ActiveCfg = Release|Any CPU
		{EE7A2820-0677-4656-B3ED-2F5780CCF1A4}.Release|Any CPU.Build.0 = Release|Any CPU
	EndGlobalSection
	GlobalSection(SolutionProperties) = preSolution
		HideSolutionNode = FALSE
	EndGlobalSection
	GlobalSection(ExtensibilityGlobals) = postSolution
		SolutionGuid = {6C0AF3F6-03C4-4965-8B05-36388983A2D4}
	EndGlobalSection
EndGlobal
